
Microsoft Visual Studio Solution File, Format Version 12.00
# Visual Studio Version 17
VisualStudioVersion = 17.3.32804.467
MinimumVisualStudioVersion = 10.0.40219.1
Project("{FAE04EC0-301F-11D3-BF4B-00C04F79EFBC}") = "MyFirstConsoleApp", "MyFirstConsoleApp\MyFirstConsoleApp.csproj", "{A3DF6187-C009-4D43-8124-A6DAA2ABE262}"
EndProject
Project("{FAE04EC0-301F-11D3-BF4B-00C04F79EFBC}") = "LabsNRef", "LabsNRef\LabsNRef.csproj", "{F2ECA502-F174-47B2-A32D-629F93723C47}"
EndProject
Project("{FAE04EC0-301F-11D3-BF4B-00C04F79EFBC}") = "TypeSystemDemo", "TypeSystemDemo\TypeSystemDemo.csproj", "{31603449-4763-4D11-AAFC-028EFE55FFC5}"
EndProject
Project("{FAE04EC0-301F-11D3-BF4B-00C04F79EFBC}") = "MultilayeredAppDemo", "MultilayeredAppDemo\MultilayeredAppDemo.csproj", "{A344F9DC-F05A-4E63-B8C7-194C4CEA182C}"
EndProject
Project("{2150E333-8FDC-42A3-9474-1A3956D46DE8}") = "Multi Layered Simple Calculator", "Multi Layered Simple Calculator", "{1B076CA5-39B9-4B29-9A2F-02B6A58EBBE8}"
EndProject
Project("{FAE04EC0-301F-11D3-BF4B-00C04F79EFBC}") = "CalculatorLibrary", "CalculatorLibrary\CalculatorLibrary.csproj", "{9EAAA233-4B43-4358-83DF-59420CF58C3A}"
EndProject
Project("{2150E333-8FDC-42A3-9474-1A3956D46DE8}") = "Business Layer", "Business Layer", "{12E0DD4C-3EF9-442B-9EDF-1722EAFD9F97}"
EndProject
Project("{2150E333-8FDC-42A3-9474-1A3956D46DE8}") = "Presentation Layer", "Presentation Layer", "{FB5AB0D5-1127-416B-9277-12C7F4B29695}"
EndProject
Project("{FAE04EC0-301F-11D3-BF4B-00C04F79EFBC}") = "SimpleCalculatorWindowsFormsApp", "SimpleCalculatorWindowsFormsApp\SimpleCalculatorWindowsFormsApp.csproj", "{CC86AC77-1B79-41FF-9E74-5EF600A78FE5}"
EndProject
Project("{2150E333-8FDC-42A3-9474-1A3956D46DE8}") = "IDE Casestudy", "IDE Casestudy", "{36FF59B9-24CD-4013-B51C-59B4818E4688}"
EndProject
Project("{FAE04EC0-301F-11D3-BF4B-00C04F79EFBC}") = "IDECaseStudy", "IDECaseStudy\IDECaseStudy.csproj", "{03361CD7-9CB3-4FB5-8C47-5A4A67FF2B9A}"
EndProject
Project("{2150E333-8FDC-42A3-9474-1A3956D46DE8}") = "OO Demos", "OO Demos", "{19CC28B9-29B5-4EBE-8E20-9DEF09CB275E}"
EndProject
Project("{FAE04EC0-301F-11D3-BF4B-00C04F79EFBC}") = "OODemo1", "OODemo1\OODemo1.csproj", "{C7E55959-007B-41AC-9F52-2A3C0293C266}"
EndProject
Project("{2150E333-8FDC-42A3-9474-1A3956D46DE8}") = "Collections Demo", "Collections Demo", "{5A1755EC-E9F0-4B01-A60D-137C45F228F9}"
EndProject
Project("{FAE04EC0-301F-11D3-BF4B-00C04F79EFBC}") = "CollectionsDemo1", "CollectionsDemo1\CollectionsDemo1.csproj", "{19F75900-8F97-428C-BA82-78162218EF02}"
EndProject
Project("{FAE04EC0-301F-11D3-BF4B-00C04F79EFBC}") = "CollectionsDemo2", "CollectionsDemo2\CollectionsDemo2.csproj", "{A2F8C7AF-01E3-41AA-A8D5-EF4CA2941029}"
EndProject
Project("{FAE04EC0-301F-11D3-BF4B-00C04F79EFBC}") = "DynamicCollectionsDemo1", "DynamicCollectionsDemo1\DynamicCollectionsDemo1.csproj", "{DEB2A044-C9F8-4974-ABBF-44BCB62A6A5E}"
EndProject
Project("{FAE04EC0-301F-11D3-BF4B-00C04F79EFBC}") = "DynamicCollectionsDemo3", "DynamicCollectionsDemo3\DynamicCollectionsDemo3.csproj", "{94BE910D-5DF9-4B74-9B42-33394B0C9E1B}"
EndProject
Project("{FAE04EC0-301F-11D3-BF4B-00C04F79EFBC}") = "CompanyOrdersConsoleApp", "CompanyOrdersConsoleApp\CompanyOrdersConsoleApp.csproj", "{58015512-1BCE-40BE-90E3-AB921A00D4FE}"
EndProject
Project("{2150E333-8FDC-42A3-9474-1A3956D46DE8}") = "Exceptions Demos", "Exceptions Demos", "{20B5684D-F3D5-4F41-AB0D-F655132341E6}"
EndProject
Project("{FAE04EC0-301F-11D3-BF4B-00C04F79EFBC}") = "ExceptionsDemoConsoleApp1", "ExceptionsDemoConsoleApp1\ExceptionsDemoConsoleApp1.csproj", "{3AC24C06-BBCD-4F0D-8025-8BD9AEDB98F8}"
EndProject
Project("{FAE04EC0-301F-11D3-BF4B-00C04F79EFBC}") = "ConsoleApp1", "ConsoleApp1\ConsoleApp1.csproj", "{41599C3D-8325-49F1-A194-6DE1641B238F}"
EndProject
Project("{FAE04EC0-301F-11D3-BF4B-00C04F79EFBC}") = "CalculatorLibrary.UnitTestProject", "CalculatorLibrary.UnitTestProject\CalculatorLibrary.UnitTestProject.csproj", "{D43229AE-D2A6-4E39-B6B1-2C78DB993C53}"
EndProject
Project("{2150E333-8FDC-42A3-9474-1A3956D46DE8}") = "Data Layer", "Data Layer", "{96CF3C63-0D16-4900-AC85-593A98ABDACD}"
EndProject
Project("{FAE04EC0-301F-11D3-BF4B-00C04F79EFBC}") = "CalculatorDataLayer", "CalculatorDataLayer\CalculatorDataLayer.csproj", "{3816A1ED-C622-4B42-B04B-4FED8E097281}"
EndProject
Project("{2150E333-8FDC-42A3-9474-1A3956D46DE8}") = "Delegates Demo", "Delegates Demo", "{067A95B4-5677-4854-88A5-B241FB32F572}"
EndProject
Project("{FAE04EC0-301F-11D3-BF4B-00C04F79EFBC}") = "DelegatesDemo1", "DelegatesDemo1\DelegatesDemo1.csproj", "{AA63DB27-24F5-4FE1-A21D-D52428AD8F8B}"
EndProject
Project("{FAE04EC0-301F-11D3-BF4B-00C04F79EFBC}") = "DelegatesDemo2", "DelegatesDemo2\DelegatesDemo2.csproj", "{81622945-C064-47CB-B995-376C7A3F4D2B}"
EndProject
Project("{FAE04EC0-301F-11D3-BF4B-00C04F79EFBC}") = "DelegatesDemo3", "DelegatesDemo3\DelegatesDemo3.csproj", "{01C80250-0939-46C7-8018-88B9EB73EE2B}"
EndProject
Project("{2150E333-8FDC-42A3-9474-1A3956D46DE8}") = "File IO", "File IO", "{265D2407-DD66-4F51-A424-1A8BFCC5DD45}"
EndProject
Project("{FAE04EC0-301F-11D3-BF4B-00C04F79EFBC}") = "FileIODemo1", "FileIODemo1\FileIODemo1.csproj", "{03F1D032-4B81-48B0-9C70-BCD533E43347}"
EndProject
Project("{FAE04EC0-301F-11D3-BF4B-00C04F79EFBC}") = "ContactsManagementApp", "ContactsManagementApp\ContactsManagementApp.csproj", "{D28AB0ED-60E2-4C59-891F-E39F6326FE30}"
EndProject
Project("{FAE04EC0-301F-11D3-BF4B-00C04F79EFBC}") = "FileIODemo3", "FileIODemo3\FileIODemo3.csproj", "{18B238F7-6C62-49D7-A21D-035A352972E1}"
EndProject
Project("{2150E333-8FDC-42A3-9474-1A3956D46DE8}") = "AI Recommandation Casestudy", "AI Recommandation Casestudy", "{37822A38-E54C-4242-8361-D6DB154F1DF5}"
EndProject
Project("{2150E333-8FDC-42A3-9474-1A3956D46DE8}") = "PearsonCorrelation", "PearsonCorrelation", "{F5322557-0CED-4887-B7CF-804A197DE418}"
EndProject
Project("{FAE04EC0-301F-11D3-BF4B-00C04F79EFBC}") = "CorrelationEngine", "CorrelationEngine\CorrelationEngine.csproj", "{2594A3F7-D8A4-46AA-947B-04EF22C348D1}"
EndProject
Project("{FAE04EC0-301F-11D3-BF4B-00C04F79EFBC}") = "IndexersDemo", "IndexersDemo\IndexersDemo.csproj", "{78203CCE-7C6B-4460-AD42-69F12D127F0D}"
EndProject
Project("{2150E333-8FDC-42A3-9474-1A3956D46DE8}") = "MT Demos", "MT Demos", "{AD2F4B31-4420-4849-8265-F85739A0C00B}"
EndProject
Project("{FAE04EC0-301F-11D3-BF4B-00C04F79EFBC}") = "MTDemo1", "MTDemo1\MTDemo1.csproj", "{13F26B96-C591-4256-AEA6-25A4BE257D6E}"
EndProject
Project("{FAE04EC0-301F-11D3-BF4B-00C04F79EFBC}") = "ResponsiveWindowsFormsApp", "ResponsiveWindowsFormsApp\ResponsiveWindowsFormsApp.csproj", "{ED9E024F-0162-4EE4-8CE6-FAE9209F387E}"
EndProject
Project("{FAE04EC0-301F-11D3-BF4B-00C04F79EFBC}") = "MTDemo4", "MTDemo4\MTDemo4.csproj", "{628B8840-C20A-4456-B2B4-AA596A418272}"
EndProject
Project("{2150E333-8FDC-42A3-9474-1A3956D46DE8}") = "Data Loader", "Data Loader", "{F395115E-FD74-4A00-A106-E25F98110F98}"
EndProject
Project("{FAE04EC0-301F-11D3-BF4B-00C04F79EFBC}") = "AIDataLoader", "AIDataLoader\AIDataLoader.csproj", "{EEDB06D4-3B86-43E5-BBD0-D6ED1F5CA182}"
EndProject
Project("{2150E333-8FDC-42A3-9474-1A3956D46DE8}") = "Data Aggrigator", "Data Aggrigator", "{37ED0119-AB9F-4ED1-B7B7-2661043B4483}"
EndProject
Project("{2150E333-8FDC-42A3-9474-1A3956D46DE8}") = "Integrator", "Integrator", "{D0E476B8-A82A-48B0-B4EF-5D01DFAFBC26}"
EndProject
Project("{2150E333-8FDC-42A3-9474-1A3956D46DE8}") = "ConsoleApp", "ConsoleApp", "{DA320A9C-FDE1-44DD-B07C-7485146C914C}"
EndProject
Project("{FAE04EC0-301F-11D3-BF4B-00C04F79EFBC}") = "AIDataAggrigator", "AIDataAggrigator\AIDataAggrigator.csproj", "{17F1D95F-CDAB-45BF-AEC7-863E1AFF263E}"
EndProject
Project("{FAE04EC0-301F-11D3-BF4B-00C04F79EFBC}") = "AIIntegrator", "AIIntegrator\AIIntegrator.csproj", "{918881A6-7B5A-487A-B17B-0695A3142103}"
EndProject
Project("{2150E333-8FDC-42A3-9474-1A3956D46DE8}") = "EF Demos", "EF Demos", "{6AF1BA0A-E1FA-41CD-BBC3-B53F80BFDC93}"
EndProject
Project("{FAE04EC0-301F-11D3-BF4B-00C04F79EFBC}") = "ProductsCatalogConsoleApp", "ProductsCatalogConsoleApp\ProductsCatalogConsoleApp.csproj", "{49A9CE9A-14C1-41BF-B2C1-0416A2B90940}"
EndProject
Project("{FAE04EC0-301F-11D3-BF4B-00C04F79EFBC}") = "ContactsManagementConsoleApp", "ContactsManagementConsoleApp\ContactsManagementConsoleApp.csproj", "{CDF55E50-197C-4416-A3D9-E97177C5DA81}"
EndProject
Project("{2150E333-8FDC-42A3-9474-1A3956D46DE8}") = "Design Patterns Demos", "Design Patterns Demos", "{2740F46D-E889-49CB-875B-DD8354D5DE60}"
EndProject
Project("{FAE04EC0-301F-11D3-BF4B-00C04F79EFBC}") = "POSApplication", "POSApplication\POSApplication.csproj", "{AF97F19D-CBD2-4AE1-9DD8-70FE411B98A1}"
EndProject
Global
	GlobalSection(SolutionConfigurationPlatforms) = preSolution
		Debug|Any CPU = Debug|Any CPU
		Release|Any CPU = Release|Any CPU
	EndGlobalSection
	GlobalSection(ProjectConfigurationPlatforms) = postSolution
		{A3DF6187-C009-4D43-8124-A6DAA2ABE262}.Debug|Any CPU.ActiveCfg = Debug|Any CPU
		{A3DF6187-C009-4D43-8124-A6DAA2ABE262}.Debug|Any CPU.Build.0 = Debug|Any CPU
		{A3DF6187-C009-4D43-8124-A6DAA2ABE262}.Release|Any CPU.ActiveCfg = Release|Any CPU
		{A3DF6187-C009-4D43-8124-A6DAA2ABE262}.Release|Any CPU.Build.0 = Release|Any CPU
		{F2ECA502-F174-47B2-A32D-629F93723C47}.Debug|Any CPU.ActiveCfg = Debug|Any CPU
		{F2ECA502-F174-47B2-A32D-629F93723C47}.Debug|Any CPU.Build.0 = Debug|Any CPU
		{F2ECA502-F174-47B2-A32D-629F93723C47}.Release|Any CPU.ActiveCfg = Release|Any CPU
		{F2ECA502-F174-47B2-A32D-629F93723C47}.Release|Any CPU.Build.0 = Release|Any CPU
		{31603449-4763-4D11-AAFC-028EFE55FFC5}.Debug|Any CPU.ActiveCfg = Debug|Any CPU
		{31603449-4763-4D11-AAFC-028EFE55FFC5}.Debug|Any CPU.Build.0 = Debug|Any CPU
		{31603449-4763-4D11-AAFC-028EFE55FFC5}.Release|Any CPU.ActiveCfg = Release|Any CPU
		{31603449-4763-4D11-AAFC-028EFE55FFC5}.Release|Any CPU.Build.0 = Release|Any CPU
		{A344F9DC-F05A-4E63-B8C7-194C4CEA182C}.Debug|Any CPU.ActiveCfg = Debug|Any CPU
		{A344F9DC-F05A-4E63-B8C7-194C4CEA182C}.Debug|Any CPU.Build.0 = Debug|Any CPU
		{A344F9DC-F05A-4E63-B8C7-194C4CEA182C}.Release|Any CPU.ActiveCfg = Release|Any CPU
		{A344F9DC-F05A-4E63-B8C7-194C4CEA182C}.Release|Any CPU.Build.0 = Release|Any CPU
		{9EAAA233-4B43-4358-83DF-59420CF58C3A}.Debug|Any CPU.ActiveCfg = Debug|Any CPU
		{9EAAA233-4B43-4358-83DF-59420CF58C3A}.Debug|Any CPU.Build.0 = Debug|Any CPU
		{9EAAA233-4B43-4358-83DF-59420CF58C3A}.Release|Any CPU.ActiveCfg = Release|Any CPU
		{9EAAA233-4B43-4358-83DF-59420CF58C3A}.Release|Any CPU.Build.0 = Release|Any CPU
		{CC86AC77-1B79-41FF-9E74-5EF600A78FE5}.Debug|Any CPU.ActiveCfg = Debug|Any CPU
		{CC86AC77-1B79-41FF-9E74-5EF600A78FE5}.Debug|Any CPU.Build.0 = Debug|Any CPU
		{CC86AC77-1B79-41FF-9E74-5EF600A78FE5}.Release|Any CPU.ActiveCfg = Release|Any CPU
		{CC86AC77-1B79-41FF-9E74-5EF600A78FE5}.Release|Any CPU.Build.0 = Release|Any CPU
		{03361CD7-9CB3-4FB5-8C47-5A4A67FF2B9A}.Debug|Any CPU.ActiveCfg = Debug|Any CPU
		{03361CD7-9CB3-4FB5-8C47-5A4A67FF2B9A}.Debug|Any CPU.Build.0 = Debug|Any CPU
		{03361CD7-9CB3-4FB5-8C47-5A4A67FF2B9A}.Release|Any CPU.ActiveCfg = Release|Any CPU
		{03361CD7-9CB3-4FB5-8C47-5A4A67FF2B9A}.Release|Any CPU.Build.0 = Release|Any CPU
		{C7E55959-007B-41AC-9F52-2A3C0293C266}.Debug|Any CPU.ActiveCfg = Debug|Any CPU
		{C7E55959-007B-41AC-9F52-2A3C0293C266}.Debug|Any CPU.Build.0 = Debug|Any CPU
		{C7E55959-007B-41AC-9F52-2A3C0293C266}.Release|Any CPU.ActiveCfg = Release|Any CPU
		{C7E55959-007B-41AC-9F52-2A3C0293C266}.Release|Any CPU.Build.0 = Release|Any CPU
		{19F75900-8F97-428C-BA82-78162218EF02}.Debug|Any CPU.ActiveCfg = Debug|Any CPU
		{19F75900-8F97-428C-BA82-78162218EF02}.Debug|Any CPU.Build.0 = Debug|Any CPU
		{19F75900-8F97-428C-BA82-78162218EF02}.Release|Any CPU.ActiveCfg = Release|Any CPU
		{19F75900-8F97-428C-BA82-78162218EF02}.Release|Any CPU.Build.0 = Release|Any CPU
		{A2F8C7AF-01E3-41AA-A8D5-EF4CA2941029}.Debug|Any CPU.ActiveCfg = Debug|Any CPU
		{A2F8C7AF-01E3-41AA-A8D5-EF4CA2941029}.Debug|Any CPU.Build.0 = Debug|Any CPU
		{A2F8C7AF-01E3-41AA-A8D5-EF4CA2941029}.Release|Any CPU.ActiveCfg = Release|Any CPU
		{A2F8C7AF-01E3-41AA-A8D5-EF4CA2941029}.Release|Any CPU.Build.0 = Release|Any CPU
		{DEB2A044-C9F8-4974-ABBF-44BCB62A6A5E}.Debug|Any CPU.ActiveCfg = Debug|Any CPU
		{DEB2A044-C9F8-4974-ABBF-44BCB62A6A5E}.Debug|Any CPU.Build.0 = Debug|Any CPU
		{DEB2A044-C9F8-4974-ABBF-44BCB62A6A5E}.Release|Any CPU.ActiveCfg = Release|Any CPU
		{DEB2A044-C9F8-4974-ABBF-44BCB62A6A5E}.Release|Any CPU.Build.0 = Release|Any CPU
		{94BE910D-5DF9-4B74-9B42-33394B0C9E1B}.Debug|Any CPU.ActiveCfg = Debug|Any CPU
		{94BE910D-5DF9-4B74-9B42-33394B0C9E1B}.Debug|Any CPU.Build.0 = Debug|Any CPU
		{94BE910D-5DF9-4B74-9B42-33394B0C9E1B}.Release|Any CPU.ActiveCfg = Release|Any CPU
		{94BE910D-5DF9-4B74-9B42-33394B0C9E1B}.Release|Any CPU.Build.0 = Release|Any CPU
		{58015512-1BCE-40BE-90E3-AB921A00D4FE}.Debug|Any CPU.ActiveCfg = Debug|Any CPU
		{58015512-1BCE-40BE-90E3-AB921A00D4FE}.Debug|Any CPU.Build.0 = Debug|Any CPU
		{58015512-1BCE-40BE-90E3-AB921A00D4FE}.Release|Any CPU.ActiveCfg = Release|Any CPU
		{58015512-1BCE-40BE-90E3-AB921A00D4FE}.Release|Any CPU.Build.0 = Release|Any CPU
		{3AC24C06-BBCD-4F0D-8025-8BD9AEDB98F8}.Debug|Any CPU.ActiveCfg = Debug|Any CPU
		{3AC24C06-BBCD-4F0D-8025-8BD9AEDB98F8}.Debug|Any CPU.Build.0 = Debug|Any CPU
		{3AC24C06-BBCD-4F0D-8025-8BD9AEDB98F8}.Release|Any CPU.ActiveCfg = Release|Any CPU
		{3AC24C06-BBCD-4F0D-8025-8BD9AEDB98F8}.Release|Any CPU.Build.0 = Release|Any CPU
		{41599C3D-8325-49F1-A194-6DE1641B238F}.Debug|Any CPU.ActiveCfg = Debug|Any CPU
		{41599C3D-8325-49F1-A194-6DE1641B238F}.Debug|Any CPU.Build.0 = Debug|Any CPU
		{41599C3D-8325-49F1-A194-6DE1641B238F}.Release|Any CPU.ActiveCfg = Release|Any CPU
		{41599C3D-8325-49F1-A194-6DE1641B238F}.Release|Any CPU.Build.0 = Release|Any CPU
		{D43229AE-D2A6-4E39-B6B1-2C78DB993C53}.Debug|Any CPU.ActiveCfg = Debug|Any CPU
		{D43229AE-D2A6-4E39-B6B1-2C78DB993C53}.Debug|Any CPU.Build.0 = Debug|Any CPU
		{D43229AE-D2A6-4E39-B6B1-2C78DB993C53}.Release|Any CPU.ActiveCfg = Release|Any CPU
		{D43229AE-D2A6-4E39-B6B1-2C78DB993C53}.Release|Any CPU.Build.0 = Release|Any CPU
		{3816A1ED-C622-4B42-B04B-4FED8E097281}.Debug|Any CPU.ActiveCfg = Debug|Any CPU
		{3816A1ED-C622-4B42-B04B-4FED8E097281}.Debug|Any CPU.Build.0 = Debug|Any CPU
		{3816A1ED-C622-4B42-B04B-4FED8E097281}.Release|Any CPU.ActiveCfg = Release|Any CPU
		{3816A1ED-C622-4B42-B04B-4FED8E097281}.Release|Any CPU.Build.0 = Release|Any CPU
		{AA63DB27-24F5-4FE1-A21D-D52428AD8F8B}.Debug|Any CPU.ActiveCfg = Debug|Any CPU
		{AA63DB27-24F5-4FE1-A21D-D52428AD8F8B}.Debug|Any CPU.Build.0 = Debug|Any CPU
		{AA63DB27-24F5-4FE1-A21D-D52428AD8F8B}.Release|Any CPU.ActiveCfg = Release|Any CPU
		{AA63DB27-24F5-4FE1-A21D-D52428AD8F8B}.Release|Any CPU.Build.0 = Release|Any CPU
		{81622945-C064-47CB-B995-376C7A3F4D2B}.Debug|Any CPU.ActiveCfg = Debug|Any CPU
		{81622945-C064-47CB-B995-376C7A3F4D2B}.Debug|Any CPU.Build.0 = Debug|Any CPU
		{81622945-C064-47CB-B995-376C7A3F4D2B}.Release|Any CPU.ActiveCfg = Release|Any CPU
		{81622945-C064-47CB-B995-376C7A3F4D2B}.Release|Any CPU.Build.0 = Release|Any CPU
		{01C80250-0939-46C7-8018-88B9EB73EE2B}.Debug|Any CPU.ActiveCfg = Debug|Any CPU
		{01C80250-0939-46C7-8018-88B9EB73EE2B}.Debug|Any CPU.Build.0 = Debug|Any CPU
		{01C80250-0939-46C7-8018-88B9EB73EE2B}.Release|Any CPU.ActiveCfg = Release|Any CPU
		{01C80250-0939-46C7-8018-88B9EB73EE2B}.Release|Any CPU.Build.0 = Release|Any CPU
		{03F1D032-4B81-48B0-9C70-BCD533E43347}.Debug|Any CPU.ActiveCfg = Debug|Any CPU
		{03F1D032-4B81-48B0-9C70-BCD533E43347}.Debug|Any CPU.Build.0 = Debug|Any CPU
		{03F1D032-4B81-48B0-9C70-BCD533E43347}.Release|Any CPU.ActiveCfg = Release|Any CPU
		{03F1D032-4B81-48B0-9C70-BCD533E43347}.Release|Any CPU.Build.0 = Release|Any CPU
		{D28AB0ED-60E2-4C59-891F-E39F6326FE30}.Debug|Any CPU.ActiveCfg = Debug|Any CPU
		{D28AB0ED-60E2-4C59-891F-E39F6326FE30}.Debug|Any CPU.Build.0 = Debug|Any CPU
		{D28AB0ED-60E2-4C59-891F-E39F6326FE30}.Release|Any CPU.ActiveCfg = Release|Any CPU
		{D28AB0ED-60E2-4C59-891F-E39F6326FE30}.Release|Any CPU.Build.0 = Release|Any CPU
		{18B238F7-6C62-49D7-A21D-035A352972E1}.Debug|Any CPU.ActiveCfg = Debug|Any CPU
		{18B238F7-6C62-49D7-A21D-035A352972E1}.Debug|Any CPU.Build.0 = Debug|Any CPU
		{18B238F7-6C62-49D7-A21D-035A352972E1}.Release|Any CPU.ActiveCfg = Release|Any CPU
		{18B238F7-6C62-49D7-A21D-035A352972E1}.Release|Any CPU.Build.0 = Release|Any CPU
		{2594A3F7-D8A4-46AA-947B-04EF22C348D1}.Debug|Any CPU.ActiveCfg = Debug|Any CPU
		{2594A3F7-D8A4-46AA-947B-04EF22C348D1}.Debug|Any CPU.Build.0 = Debug|Any CPU
		{2594A3F7-D8A4-46AA-947B-04EF22C348D1}.Release|Any CPU.ActiveCfg = Release|Any CPU
		{2594A3F7-D8A4-46AA-947B-04EF22C348D1}.Release|Any CPU.Build.0 = Release|Any CPU
		{78203CCE-7C6B-4460-AD42-69F12D127F0D}.Debug|Any CPU.ActiveCfg = Debug|Any CPU
		{78203CCE-7C6B-4460-AD42-69F12D127F0D}.Debug|Any CPU.Build.0 = Debug|Any CPU
		{78203CCE-7C6B-4460-AD42-69F12D127F0D}.Release|Any CPU.ActiveCfg = Release|Any CPU
		{78203CCE-7C6B-4460-AD42-69F12D127F0D}.Release|Any CPU.Build.0 = Release|Any CPU
		{13F26B96-C591-4256-AEA6-25A4BE257D6E}.Debug|Any CPU.ActiveCfg = Debug|Any CPU
		{13F26B96-C591-4256-AEA6-25A4BE257D6E}.Debug|Any CPU.Build.0 = Debug|Any CPU
		{13F26B96-C591-4256-AEA6-25A4BE257D6E}.Release|Any CPU.ActiveCfg = Release|Any CPU
		{13F26B96-C591-4256-AEA6-25A4BE257D6E}.Release|Any CPU.Build.0 = Release|Any CPU
		{ED9E024F-0162-4EE4-8CE6-FAE9209F387E}.Debug|Any CPU.ActiveCfg = Debug|Any CPU
		{ED9E024F-0162-4EE4-8CE6-FAE9209F387E}.Debug|Any CPU.Build.0 = Debug|Any CPU
		{ED9E024F-0162-4EE4-8CE6-FAE9209F387E}.Release|Any CPU.ActiveCfg = Release|Any CPU
		{ED9E024F-0162-4EE4-8CE6-FAE9209F387E}.Release|Any CPU.Build.0 = Release|Any CPU
		{628B8840-C20A-4456-B2B4-AA596A418272}.Debug|Any CPU.ActiveCfg = Debug|Any CPU
		{628B8840-C20A-4456-B2B4-AA596A418272}.Debug|Any CPU.Build.0 = Debug|Any CPU
		{628B8840-C20A-4456-B2B4-AA596A418272}.Release|Any CPU.ActiveCfg = Release|Any CPU
		{628B8840-C20A-4456-B2B4-AA596A418272}.Release|Any CPU.Build.0 = Release|Any CPU
		{EEDB06D4-3B86-43E5-BBD0-D6ED1F5CA182}.Debug|Any CPU.ActiveCfg = Debug|Any CPU
		{EEDB06D4-3B86-43E5-BBD0-D6ED1F5CA182}.Debug|Any CPU.Build.0 = Debug|Any CPU
		{EEDB06D4-3B86-43E5-BBD0-D6ED1F5CA182}.Release|Any CPU.ActiveCfg = Release|Any CPU
		{EEDB06D4-3B86-43E5-BBD0-D6ED1F5CA182}.Release|Any CPU.Build.0 = Release|Any CPU
		{17F1D95F-CDAB-45BF-AEC7-863E1AFF263E}.Debug|Any CPU.ActiveCfg = Debug|Any CPU
		{17F1D95F-CDAB-45BF-AEC7-863E1AFF263E}.Debug|Any CPU.Build.0 = Debug|Any CPU
		{17F1D95F-CDAB-45BF-AEC7-863E1AFF263E}.Release|Any CPU.ActiveCfg = Release|Any CPU
		{17F1D95F-CDAB-45BF-AEC7-863E1AFF263E}.Release|Any CPU.Build.0 = Release|Any CPU
		{918881A6-7B5A-487A-B17B-0695A3142103}.Debug|Any CPU.ActiveCfg = Debug|Any CPU
		{918881A6-7B5A-487A-B17B-0695A3142103}.Debug|Any CPU.Build.0 = Debug|Any CPU
		{918881A6-7B5A-487A-B17B-0695A3142103}.Release|Any CPU.ActiveCfg = Release|Any CPU
		{918881A6-7B5A-487A-B17B-0695A3142103}.Release|Any CPU.Build.0 = Release|Any CPU
		{49A9CE9A-14C1-41BF-B2C1-0416A2B90940}.Debug|Any CPU.ActiveCfg = Debug|Any CPU
		{49A9CE9A-14C1-41BF-B2C1-0416A2B90940}.Debug|Any CPU.Build.0 = Debug|Any CPU
		{49A9CE9A-14C1-41BF-B2C1-0416A2B90940}.Release|Any CPU.ActiveCfg = Release|Any CPU
		{49A9CE9A-14C1-41BF-B2C1-0416A2B90940}.Release|Any CPU.Build.0 = Release|Any CPU
		{CDF55E50-197C-4416-A3D9-E97177C5DA81}.Debug|Any CPU.ActiveCfg = Debug|Any CPU
		{CDF55E50-197C-4416-A3D9-E97177C5DA81}.Debug|Any CPU.Build.0 = Debug|Any CPU
		{CDF55E50-197C-4416-A3D9-E97177C5DA81}.Release|Any CPU.ActiveCfg = Release|Any CPU
		{CDF55E50-197C-4416-A3D9-E97177C5DA81}.Release|Any CPU.Build.0 = Release|Any CPU
		{AF97F19D-CBD2-4AE1-9DD8-70FE411B98A1}.Debug|Any CPU.ActiveCfg = Debug|Any CPU
		{AF97F19D-CBD2-4AE1-9DD8-70FE411B98A1}.Debug|Any CPU.Build.0 = Debug|Any CPU
		{AF97F19D-CBD2-4AE1-9DD8-70FE411B98A1}.Release|Any CPU.ActiveCfg = Release|Any CPU
		{AF97F19D-CBD2-4AE1-9DD8-70FE411B98A1}.Release|Any CPU.Build.0 = Release|Any CPU
	EndGlobalSection
	GlobalSection(SolutionProperties) = preSolution
		HideSolutionNode = FALSE
	EndGlobalSection
	GlobalSection(NestedProjects) = preSolution
		{A344F9DC-F05A-4E63-B8C7-194C4CEA182C} = {FB5AB0D5-1127-416B-9277-12C7F4B29695}
		{9EAAA233-4B43-4358-83DF-59420CF58C3A} = {12E0DD4C-3EF9-442B-9EDF-1722EAFD9F97}
		{12E0DD4C-3EF9-442B-9EDF-1722EAFD9F97} = {1B076CA5-39B9-4B29-9A2F-02B6A58EBBE8}
		{FB5AB0D5-1127-416B-9277-12C7F4B29695} = {1B076CA5-39B9-4B29-9A2F-02B6A58EBBE8}
		{CC86AC77-1B79-41FF-9E74-5EF600A78FE5} = {FB5AB0D5-1127-416B-9277-12C7F4B29695}
		{03361CD7-9CB3-4FB5-8C47-5A4A67FF2B9A} = {36FF59B9-24CD-4013-B51C-59B4818E4688}
		{C7E55959-007B-41AC-9F52-2A3C0293C266} = {19CC28B9-29B5-4EBE-8E20-9DEF09CB275E}
		{19F75900-8F97-428C-BA82-78162218EF02} = {5A1755EC-E9F0-4B01-A60D-137C45F228F9}
		{A2F8C7AF-01E3-41AA-A8D5-EF4CA2941029} = {5A1755EC-E9F0-4B01-A60D-137C45F228F9}
		{DEB2A044-C9F8-4974-ABBF-44BCB62A6A5E} = {5A1755EC-E9F0-4B01-A60D-137C45F228F9}
		{94BE910D-5DF9-4B74-9B42-33394B0C9E1B} = {5A1755EC-E9F0-4B01-A60D-137C45F228F9}
		{3AC24C06-BBCD-4F0D-8025-8BD9AEDB98F8} = {20B5684D-F3D5-4F41-AB0D-F655132341E6}
		{D43229AE-D2A6-4E39-B6B1-2C78DB993C53} = {12E0DD4C-3EF9-442B-9EDF-1722EAFD9F97}
		{96CF3C63-0D16-4900-AC85-593A98ABDACD} = {1B076CA5-39B9-4B29-9A2F-02B6A58EBBE8}
		{3816A1ED-C622-4B42-B04B-4FED8E097281} = {96CF3C63-0D16-4900-AC85-593A98ABDACD}
		{AA63DB27-24F5-4FE1-A21D-D52428AD8F8B} = {067A95B4-5677-4854-88A5-B241FB32F572}
		{81622945-C064-47CB-B995-376C7A3F4D2B} = {067A95B4-5677-4854-88A5-B241FB32F572}
		{01C80250-0939-46C7-8018-88B9EB73EE2B} = {067A95B4-5677-4854-88A5-B241FB32F572}
		{03F1D032-4B81-48B0-9C70-BCD533E43347} = {265D2407-DD66-4F51-A424-1A8BFCC5DD45}
		{D28AB0ED-60E2-4C59-891F-E39F6326FE30} = {265D2407-DD66-4F51-A424-1A8BFCC5DD45}
		{18B238F7-6C62-49D7-A21D-035A352972E1} = {265D2407-DD66-4F51-A424-1A8BFCC5DD45}
		{F5322557-0CED-4887-B7CF-804A197DE418} = {37822A38-E54C-4242-8361-D6DB154F1DF5}
		{2594A3F7-D8A4-46AA-947B-04EF22C348D1} = {F5322557-0CED-4887-B7CF-804A197DE418}
		{13F26B96-C591-4256-AEA6-25A4BE257D6E} = {AD2F4B31-4420-4849-8265-F85739A0C00B}
		{ED9E024F-0162-4EE4-8CE6-FAE9209F387E} = {AD2F4B31-4420-4849-8265-F85739A0C00B}
		{628B8840-C20A-4456-B2B4-AA596A418272} = {AD2F4B31-4420-4849-8265-F85739A0C00B}
		{F395115E-FD74-4A00-A106-E25F98110F98} = {37822A38-E54C-4242-8361-D6DB154F1DF5}
		{EEDB06D4-3B86-43E5-BBD0-D6ED1F5CA182} = {F395115E-FD74-4A00-A106-E25F98110F98}
		{37ED0119-AB9F-4ED1-B7B7-2661043B4483} = {37822A38-E54C-4242-8361-D6DB154F1DF5}
		{D0E476B8-A82A-48B0-B4EF-5D01DFAFBC26} = {37822A38-E54C-4242-8361-D6DB154F1DF5}
		{DA320A9C-FDE1-44DD-B07C-7485146C914C} = {37822A38-E54C-4242-8361-D6DB154F1DF5}
		{17F1D95F-CDAB-45BF-AEC7-863E1AFF263E} = {37ED0119-AB9F-4ED1-B7B7-2661043B4483}
		{918881A6-7B5A-487A-B17B-0695A3142103} = {D0E476B8-A82A-48B0-B4EF-5D01DFAFBC26}
		{49A9CE9A-14C1-41BF-B2C1-0416A2B90940} = {6AF1BA0A-E1FA-41CD-BBC3-B53F80BFDC93}
		{CDF55E50-197C-4416-A3D9-E97177C5DA81} = {6AF1BA0A-E1FA-41CD-BBC3-B53F80BFDC93}
		{AF97F19D-CBD2-4AE1-9DD8-70FE411B98A1} = {2740F46D-E889-49CB-875B-DD8354D5DE60}
	EndGlobalSection
	GlobalSection(ExtensibilityGlobals) = postSolution
		SolutionGuid = {91D68505-48B4-43C2-8A5A-74EE884290AA}
	EndGlobalSection
EndGlobal
