
Microsoft Visual Studio Solution File, Format Version 12.00
# Visual Studio Version 17
VisualStudioVersion = 17.3.32804.467
MinimumVisualStudioVersion = 10.0.40219.1
Project("{FAE04EC0-301F-11D3-BF4B-00C04F79EFBC}") = "MyFirstConsoleApp", "MyFirstConsoleApp\MyFirstConsoleApp.csproj", "{A3DF6187-C009-4D43-8124-A6DAA2ABE262}"
EndProject
Project("{FAE04EC0-301F-11D3-BF4B-00C04F79EFBC}") = "LabsNRef", "LabsNRef\LabsNRef.csproj", "{F2ECA502-F174-47B2-A32D-629F93723C47}"
EndProject
Project("{FAE04EC0-301F-11D3-BF4B-00C04F79EFBC}") = "TypeSystemDemo", "TypeSystemDemo\TypeSystemDemo.csproj", "{31603449-4763-4D11-AAFC-028EFE55FFC5}"
EndProject
Project("{FAE04EC0-301F-11D3-BF4B-00C04F79EFBC}") = "MultilayeredAppDemo", "MultilayeredAppDemo\MultilayeredAppDemo.csproj", "{A344F9DC-F05A-4E63-B8C7-194C4CEA182C}"
EndProject
Project("{2150E333-8FDC-42A3-9474-1A3956D46DE8}") = "Simple Calculator", "Simple Calculator", "{1B076CA5-39B9-4B29-9A2F-02B6A58EBBE8}"
EndProject
Project("{FAE04EC0-301F-11D3-BF4B-00C04F79EFBC}") = "CalculatorLibrary", "CalculatorLibrary\CalculatorLibrary.csproj", "{9EAAA233-4B43-4358-83DF-59420CF58C3A}"
EndProject
Project("{2150E333-8FDC-42A3-9474-1A3956D46DE8}") = "Business Layer", "Business Layer", "{12E0DD4C-3EF9-442B-9EDF-1722EAFD9F97}"
EndProject
Project("{2150E333-8FDC-42A3-9474-1A3956D46DE8}") = "Presentation Layer", "Presentation Layer", "{FB5AB0D5-1127-416B-9277-12C7F4B29695}"
EndProject
Project("{FAE04EC0-301F-11D3-BF4B-00C04F79EFBC}") = "SimpleCalculatorWindowsFormsApp", "SimpleCalculatorWindowsFormsApp\SimpleCalculatorWindowsFormsApp.csproj", "{CC86AC77-1B79-41FF-9E74-5EF600A78FE5}"
EndProject
Project("{2150E333-8FDC-42A3-9474-1A3956D46DE8}") = "IDE Casestudy", "IDE Casestudy", "{36FF59B9-24CD-4013-B51C-59B4818E4688}"
EndProject
Project("{FAE04EC0-301F-11D3-BF4B-00C04F79EFBC}") = "IDECaseStudy", "IDECaseStudy\IDECaseStudy.csproj", "{03361CD7-9CB3-4FB5-8C47-5A4A67FF2B9A}"
EndProject
Project("{2150E333-8FDC-42A3-9474-1A3956D46DE8}") = "OO Demos", "OO Demos", "{19CC28B9-29B5-4EBE-8E20-9DEF09CB275E}"
EndProject
Project("{FAE04EC0-301F-11D3-BF4B-00C04F79EFBC}") = "OODemo1", "OODemo1\OODemo1.csproj", "{C7E55959-007B-41AC-9F52-2A3C0293C266}"
EndProject
Project("{2150E333-8FDC-42A3-9474-1A3956D46DE8}") = "Collections Demo", "Collections Demo", "{5A1755EC-E9F0-4B01-A60D-137C45F228F9}"
EndProject
Project("{FAE04EC0-301F-11D3-BF4B-00C04F79EFBC}") = "CollectionsDemo1", "CollectionsDemo1\CollectionsDemo1.csproj", "{19F75900-8F97-428C-BA82-78162218EF02}"
EndProject
Project("{FAE04EC0-301F-11D3-BF4B-00C04F79EFBC}") = "CollectionsDemo2", "CollectionsDemo2\CollectionsDemo2.csproj", "{A2F8C7AF-01E3-41AA-A8D5-EF4CA2941029}"
EndProject
Project("{FAE04EC0-301F-11D3-BF4B-00C04F79EFBC}") = "DynamicCollectionsDemo1", "DynamicCollectionsDemo1\DynamicCollectionsDemo1.csproj", "{DEB2A044-C9F8-4974-ABBF-44BCB62A6A5E}"
EndProject
Project("{FAE04EC0-301F-11D3-BF4B-00C04F79EFBC}") = "DynamicCollectionsDemo3", "DynamicCollectionsDemo3\DynamicCollectionsDemo3.csproj", "{94BE910D-5DF9-4B74-9B42-33394B0C9E1B}"
EndProject
Project("{FAE04EC0-301F-11D3-BF4B-00C04F79EFBC}") = "CompanyOrdersConsoleApp", "CompanyOrdersConsoleApp\CompanyOrdersConsoleApp.csproj", "{58015512-1BCE-40BE-90E3-AB921A00D4FE}"
EndProject
Project("{2150E333-8FDC-42A3-9474-1A3956D46DE8}") = "Exceptions Demos", "Exceptions Demos", "{20B5684D-F3D5-4F41-AB0D-F655132341E6}"
EndProject
Project("{FAE04EC0-301F-11D3-BF4B-00C04F79EFBC}") = "ExceptionsDemoConsoleApp1", "ExceptionsDemoConsoleApp1\ExceptionsDemoConsoleApp1.csproj", "{3AC24C06-BBCD-4F0D-8025-8BD9AEDB98F8}"
EndProject
Project("{FAE04EC0-301F-11D3-BF4B-00C04F79EFBC}") = "ConsoleApp1", "ConsoleApp1\ConsoleApp1.csproj", "{41599C3D-8325-49F1-A194-6DE1641B238F}"
EndProject
Global
	GlobalSection(SolutionConfigurationPlatforms) = preSolution
		Debug|Any CPU = Debug|Any CPU
		Release|Any CPU = Release|Any CPU
	EndGlobalSection
	GlobalSection(ProjectConfigurationPlatforms) = postSolution
		{A3DF6187-C009-4D43-8124-A6DAA2ABE262}.Debug|Any CPU.ActiveCfg = Debug|Any CPU
		{A3DF6187-C009-4D43-8124-A6DAA2ABE262}.Debug|Any CPU.Build.0 = Debug|Any CPU
		{A3DF6187-C009-4D43-8124-A6DAA2ABE262}.Release|Any CPU.ActiveCfg = Release|Any CPU
		{A3DF6187-C009-4D43-8124-A6DAA2ABE262}.Release|Any CPU.Build.0 = Release|Any CPU
		{F2ECA502-F174-47B2-A32D-629F93723C47}.Debug|Any CPU.ActiveCfg = Debug|Any CPU
		{F2ECA502-F174-47B2-A32D-629F93723C47}.Debug|Any CPU.Build.0 = Debug|Any CPU
		{F2ECA502-F174-47B2-A32D-629F93723C47}.Release|Any CPU.ActiveCfg = Release|Any CPU
		{F2ECA502-F174-47B2-A32D-629F93723C47}.Release|Any CPU.Build.0 = Release|Any CPU
		{31603449-4763-4D11-AAFC-028EFE55FFC5}.Debug|Any CPU.ActiveCfg = Debug|Any CPU
		{31603449-4763-4D11-AAFC-028EFE55FFC5}.Debug|Any CPU.Build.0 = Debug|Any CPU
		{31603449-4763-4D11-AAFC-028EFE55FFC5}.Release|Any CPU.ActiveCfg = Release|Any CPU
		{31603449-4763-4D11-AAFC-028EFE55FFC5}.Release|Any CPU.Build.0 = Release|Any CPU
		{A344F9DC-F05A-4E63-B8C7-194C4CEA182C}.Debug|Any CPU.ActiveCfg = Debug|Any CPU
		{A344F9DC-F05A-4E63-B8C7-194C4CEA182C}.Debug|Any CPU.Build.0 = Debug|Any CPU
		{A344F9DC-F05A-4E63-B8C7-194C4CEA182C}.Release|Any CPU.ActiveCfg = Release|Any CPU
		{A344F9DC-F05A-4E63-B8C7-194C4CEA182C}.Release|Any CPU.Build.0 = Release|Any CPU
		{9EAAA233-4B43-4358-83DF-59420CF58C3A}.Debug|Any CPU.ActiveCfg = Debug|Any CPU
		{9EAAA233-4B43-4358-83DF-59420CF58C3A}.Debug|Any CPU.Build.0 = Debug|Any CPU
		{9EAAA233-4B43-4358-83DF-59420CF58C3A}.Release|Any CPU.ActiveCfg = Release|Any CPU
		{9EAAA233-4B43-4358-83DF-59420CF58C3A}.Release|Any CPU.Build.0 = Release|Any CPU
		{CC86AC77-1B79-41FF-9E74-5EF600A78FE5}.Debug|Any CPU.ActiveCfg = Debug|Any CPU
		{CC86AC77-1B79-41FF-9E74-5EF600A78FE5}.Debug|Any CPU.Build.0 = Debug|Any CPU
		{CC86AC77-1B79-41FF-9E74-5EF600A78FE5}.Release|Any CPU.ActiveCfg = Release|Any CPU
		{CC86AC77-1B79-41FF-9E74-5EF600A78FE5}.Release|Any CPU.Build.0 = Release|Any CPU
		{03361CD7-9CB3-4FB5-8C47-5A4A67FF2B9A}.Debug|Any CPU.ActiveCfg = Debug|Any CPU
		{03361CD7-9CB3-4FB5-8C47-5A4A67FF2B9A}.Debug|Any CPU.Build.0 = Debug|Any CPU
		{03361CD7-9CB3-4FB5-8C47-5A4A67FF2B9A}.Release|Any CPU.ActiveCfg = Release|Any CPU
		{03361CD7-9CB3-4FB5-8C47-5A4A67FF2B9A}.Release|Any CPU.Build.0 = Release|Any CPU
		{C7E55959-007B-41AC-9F52-2A3C0293C266}.Debug|Any CPU.ActiveCfg = Debug|Any CPU
		{C7E55959-007B-41AC-9F52-2A3C0293C266}.Debug|Any CPU.Build.0 = Debug|Any CPU
		{C7E55959-007B-41AC-9F52-2A3C0293C266}.Release|Any CPU.ActiveCfg = Release|Any CPU
		{C7E55959-007B-41AC-9F52-2A3C0293C266}.Release|Any CPU.Build.0 = Release|Any CPU
		{19F75900-8F97-428C-BA82-78162218EF02}.Debug|Any CPU.ActiveCfg = Debug|Any CPU
		{19F75900-8F97-428C-BA82-78162218EF02}.Debug|Any CPU.Build.0 = Debug|Any CPU
		{19F75900-8F97-428C-BA82-78162218EF02}.Release|Any CPU.ActiveCfg = Release|Any CPU
		{19F75900-8F97-428C-BA82-78162218EF02}.Release|Any CPU.Build.0 = Release|Any CPU
		{A2F8C7AF-01E3-41AA-A8D5-EF4CA2941029}.Debug|Any CPU.ActiveCfg = Debug|Any CPU
		{A2F8C7AF-01E3-41AA-A8D5-EF4CA2941029}.Debug|Any CPU.Build.0 = Debug|Any CPU
		{A2F8C7AF-01E3-41AA-A8D5-EF4CA2941029}.Release|Any CPU.ActiveCfg = Release|Any CPU
		{A2F8C7AF-01E3-41AA-A8D5-EF4CA2941029}.Release|Any CPU.Build.0 = Release|Any CPU
		{DEB2A044-C9F8-4974-ABBF-44BCB62A6A5E}.Debug|Any CPU.ActiveCfg = Debug|Any CPU
		{DEB2A044-C9F8-4974-ABBF-44BCB62A6A5E}.Debug|Any CPU.Build.0 = Debug|Any CPU
		{DEB2A044-C9F8-4974-ABBF-44BCB62A6A5E}.Release|Any CPU.ActiveCfg = Release|Any CPU
		{DEB2A044-C9F8-4974-ABBF-44BCB62A6A5E}.Release|Any CPU.Build.0 = Release|Any CPU
		{94BE910D-5DF9-4B74-9B42-33394B0C9E1B}.Debug|Any CPU.ActiveCfg = Debug|Any CPU
		{94BE910D-5DF9-4B74-9B42-33394B0C9E1B}.Debug|Any CPU.Build.0 = Debug|Any CPU
		{94BE910D-5DF9-4B74-9B42-33394B0C9E1B}.Release|Any CPU.ActiveCfg = Release|Any CPU
		{94BE910D-5DF9-4B74-9B42-33394B0C9E1B}.Release|Any CPU.Build.0 = Release|Any CPU
		{58015512-1BCE-40BE-90E3-AB921A00D4FE}.Debug|Any CPU.ActiveCfg = Debug|Any CPU
		{58015512-1BCE-40BE-90E3-AB921A00D4FE}.Debug|Any CPU.Build.0 = Debug|Any CPU
		{58015512-1BCE-40BE-90E3-AB921A00D4FE}.Release|Any CPU.ActiveCfg = Release|Any CPU
		{58015512-1BCE-40BE-90E3-AB921A00D4FE}.Release|Any CPU.Build.0 = Release|Any CPU
		{3AC24C06-BBCD-4F0D-8025-8BD9AEDB98F8}.Debug|Any CPU.ActiveCfg = Debug|Any CPU
		{3AC24C06-BBCD-4F0D-8025-8BD9AEDB98F8}.Debug|Any CPU.Build.0 = Debug|Any CPU
		{3AC24C06-BBCD-4F0D-8025-8BD9AEDB98F8}.Release|Any CPU.ActiveCfg = Release|Any CPU
		{3AC24C06-BBCD-4F0D-8025-8BD9AEDB98F8}.Release|Any CPU.Build.0 = Release|Any CPU
		{41599C3D-8325-49F1-A194-6DE1641B238F}.Debug|Any CPU.ActiveCfg = Debug|Any CPU
		{41599C3D-8325-49F1-A194-6DE1641B238F}.Debug|Any CPU.Build.0 = Debug|Any CPU
		{41599C3D-8325-49F1-A194-6DE1641B238F}.Release|Any CPU.ActiveCfg = Release|Any CPU
		{41599C3D-8325-49F1-A194-6DE1641B238F}.Release|Any CPU.Build.0 = Release|Any CPU
	EndGlobalSection
	GlobalSection(SolutionProperties) = preSolution
		HideSolutionNode = FALSE
	EndGlobalSection
	GlobalSection(NestedProjects) = preSolution
		{A344F9DC-F05A-4E63-B8C7-194C4CEA182C} = {FB5AB0D5-1127-416B-9277-12C7F4B29695}
		{9EAAA233-4B43-4358-83DF-59420CF58C3A} = {12E0DD4C-3EF9-442B-9EDF-1722EAFD9F97}
		{12E0DD4C-3EF9-442B-9EDF-1722EAFD9F97} = {1B076CA5-39B9-4B29-9A2F-02B6A58EBBE8}
		{FB5AB0D5-1127-416B-9277-12C7F4B29695} = {1B076CA5-39B9-4B29-9A2F-02B6A58EBBE8}
		{CC86AC77-1B79-41FF-9E74-5EF600A78FE5} = {FB5AB0D5-1127-416B-9277-12C7F4B29695}
		{03361CD7-9CB3-4FB5-8C47-5A4A67FF2B9A} = {36FF59B9-24CD-4013-B51C-59B4818E4688}
		{C7E55959-007B-41AC-9F52-2A3C0293C266} = {19CC28B9-29B5-4EBE-8E20-9DEF09CB275E}
		{19F75900-8F97-428C-BA82-78162218EF02} = {5A1755EC-E9F0-4B01-A60D-137C45F228F9}
		{A2F8C7AF-01E3-41AA-A8D5-EF4CA2941029} = {5A1755EC-E9F0-4B01-A60D-137C45F228F9}
		{DEB2A044-C9F8-4974-ABBF-44BCB62A6A5E} = {5A1755EC-E9F0-4B01-A60D-137C45F228F9}
		{94BE910D-5DF9-4B74-9B42-33394B0C9E1B} = {5A1755EC-E9F0-4B01-A60D-137C45F228F9}
		{3AC24C06-BBCD-4F0D-8025-8BD9AEDB98F8} = {20B5684D-F3D5-4F41-AB0D-F655132341E6}
	EndGlobalSection
	GlobalSection(ExtensibilityGlobals) = postSolution
		SolutionGuid = {91D68505-48B4-43C2-8A5A-74EE884290AA}
	EndGlobalSection
EndGlobal
